{
  "name": "sublime-sls",
  "version": "1.0.0",
  "lockfileVersion": 3,
  "requires": true,
  "packages": {
    "": {
      "name": "sublime-sls",
      "version": "1.0.0",
      "dependencies": {
        "@ast-grep/cli": "^0.40.0"
      }
    },
    "node_modules/@ast-grep/cli": {
      "version": "0.40.0",
      "resolved": "https://registry.npmjs.org/@ast-grep/cli/-/cli-0.40.0.tgz",
      "integrity": "sha512-L8AkflsfI2ZP70yIdrwqvjR02ScCuRmM/qNGnJWUkOFck+e6gafNVJ4e4jjGQlEul+dNdBpx36+O2Op629t47A==",
      "hasInstallScript": true,
      "dependencies": {
        "detect-libc": "2.1.2"
      },
      "bin": {
        "ast-grep": "ast-grep",
        "sg": "sg"
      },
      "engines": {
        "node": ">= 12.0.0"
      },
      "optionalDependencies": {
        "@ast-grep/cli-darwin-arm64": "0.40.0",
        "@ast-grep/cli-darwin-x64": "0.40.0",
        "@ast-grep/cli-linux-arm64-gnu": "0.40.0",
        "@ast-grep/cli-linux-x64-gnu": "0.40.0",
        "@ast-grep/cli-win32-arm64-msvc": "0.40.0",
        "@ast-grep/cli-win32-ia32-msvc": "0.40.0",
        "@ast-grep/cli-win32-x64-msvc": "0.40.0"
      }
    },
    "node_modules/@ast-grep/cli-darwin-arm64": {
      "version": "0.40.0",
      "resolved": "https://registry.npmjs.org/@ast-grep/cli-darwin-arm64/-/cli-darwin-arm64-0.40.0.tgz",
      "integrity": "sha512-UehY2MMUkdJbsriP7NKc6+uojrqPn7d1Cl0em+WAkee7Eij81VdyIjRsRxtZSLh440ZWQBHI3PALZ9RkOO8pKQ==",
      "cpu": [
        "arm64"
      ],
      "optional": true,
      "os": [
        "darwin"
      ],
      "engines": {
        "node": ">= 10"
      }
    },
    "node_modules/@ast-grep/cli-darwin-x64": {
      "version": "0.40.0",
      "resolved": "https://registry.npmjs.org/@ast-grep/cli-darwin-x64/-/cli-darwin-x64-0.40.0.tgz",
      "integrity": "sha512-RFDJ2ZxUbT0+grntNlOLJx7wa9/ciVCeaVtQpQy8WJJTvXvkY0etl8Qlh2TmO2x2yr+i0Z6aMJi4IG/Yx5ghTQ==",
      "cpu": [
        "x64"
      ],
      "optional": true,
      "os": [
        "darwin"
      ],
      "engines": {
        "node": ">= 10"
      }
    },
    "node_modules/@ast-grep/cli-linux-arm64-gnu": {
      "version": "0.40.0",
      "resolved": "https://registry.npmjs.org/@ast-grep/cli-linux-arm64-gnu/-/cli-linux-arm64-gnu-0.40.0.tgz",
      "integrity": "sha512-4p55gnTQ1mMFCyqjtM7bH9SB9r16mkwXtUcJQGX1YgFG4WD+QG8rC4GwSuNNZcdlYaOQuTWrgUEQ9z5K06UXfg==",
      "cpu": [
        "arm64"
      ],
      "optional": true,
      "os": [
        "linux"
      ],
      "engines": {
        "node": ">= 10"
      }
    },
    "node_modules/@ast-grep/cli-linux-x64-gnu": {
      "version": "0.40.0",
      "resolved": "https://registry.npmjs.org/@ast-grep/cli-linux-x64-gnu/-/cli-linux-x64-gnu-0.40.0.tgz",
      "integrity": "sha512-u2MXFceuwvrO+OQ6zFGoJ6wbATXn46HWwW79j4UPrXYJzVl97jRyjJOIQTJOzTflsk02fjP98DQkfvbXt2dl3Q==",
      "cpu": [
        "x64"
      ],
      "optional": true,
      "os": [
        "linux"
      ],
      "engines": {
        "node": ">= 10"
      }
    },
    "node_modules/@ast-grep/cli-win32-arm64-msvc": {
      "version": "0.40.0",
      "resolved": "https://registry.npmjs.org/@ast-grep/cli-win32-arm64-msvc/-/cli-win32-arm64-msvc-0.40.0.tgz",
      "integrity": "sha512-E/I1xpF/RQL2fo1CQsQfTxyDLnChsbZ+ERrQHKuF1FI4WrkaPOBibpqda60QgVmUcgOGZyZ/GRb3iKEVWPsQNQ==",
      "cpu": [
        "arm64"
      ],
      "optional": true,
      "os": [
        "win32"
      ],
      "engines": {
        "node": ">= 10"
      }
    },
    "node_modules/@ast-grep/cli-win32-ia32-msvc": {
      "version": "0.40.0",
      "resolved": "https://registry.npmjs.org/@ast-grep/cli-win32-ia32-msvc/-/cli-win32-ia32-msvc-0.40.0.tgz",
      "integrity": "sha512-9h12OQu1BR0GxHEtT+Z4QkJk3LLWLiKwjBkjXUGlASHYDPTyLcs85KwDLeFHs4BwarF8TDdF+KySvB9WPGl/nQ==",
      "cpu": [
        "ia32"
      ],
      "optional": true,
      "os": [
        "win32"
      ],
      "engines": {
        "node": ">= 10"
      }
    },
    "node_modules/@ast-grep/cli-win32-x64-msvc": {
      "version": "0.40.0",
      "resolved": "https://registry.npmjs.org/@ast-grep/cli-win32-x64-msvc/-/cli-win32-x64-msvc-0.40.0.tgz",
      "integrity": "sha512-n2+3WynEWFHhXg6KDgjwWQ0UEtIvqUITFbKEk5cDkUYrzYhg/A6kj0qauPwRbVMoJms49vtsNpLkzzqyunio5g==",
      "cpu": [
        "x64"
      ],
      "optional": true,
      "os": [
        "win32"
      ],
      "engines": {
        "node": ">= 10"
      }
    },
    "node_modules/detect-libc": {
      "version": "2.1.2",
      "resolved": "https://registry.npmjs.org/detect-libc/-/detect-libc-2.1.2.tgz",
      "integrity": "sha512-Btj2BOOO83o3WyH59e8MgXsxEQVcarkUOpEYrubB0urwnN10yQ364rsiByU11nZlqWYZm05i/of7io4mzihBtQ==",
      "engines": {
        "node": ">=8"
      }
    }
  }
}
